// !$*UTF8*$!
{
	archiveVersion = 1;
	classes = {
	};
	objectVersion = 56;
	objects = {

/* Begin PBXBuildFile section */
		AC88A5EF2C25CCD500BBF5BC /* WEEKSApp.swift in Sources */ = {isa = PBXBuildFile; fileRef = AC88A5EE2C25CCD500BBF5BC /* WEEKSApp.swift */; };
		AC88A5F12C25CCD500BBF5BC /* ContentView.swift in Sources */ = {isa = PBXBuildFile; fileRef = AC88A5F02C25CCD500BBF5BC /* ContentView.swift */; };
		AC88A5F32C25CCD700BBF5BC /* Assets.xcassets in Resources */ = {isa = PBXBuildFile; fileRef = AC88A5F22C25CCD700BBF5BC /* Assets.xcassets */; };
		AC88A5F72C25CCD700BBF5BC /* Preview Assets.xcassets in Resources */ = {isa = PBXBuildFile; fileRef = AC88A5F62C25CCD700BBF5BC /* Preview Assets.xcassets */; };
		AC88A6012C25CCD700BBF5BC /* WEEKSTests.swift in Sources */ = {isa = PBXBuildFile; fileRef = AC88A6002C25CCD700BBF5BC /* WEEKSTests.swift */; };
		AC88A60B2C25CCD700BBF5BC /* WEEKSUITests.swift in Sources */ = {isa = PBXBuildFile; fileRef = AC88A60A2C25CCD700BBF5BC /* WEEKSUITests.swift */; };
		AC88A60D2C25CCD700BBF5BC /* WEEKSUITestsLaunchTests.swift in Sources */ = {isa = PBXBuildFile; fileRef = AC88A60C2C25CCD700BBF5BC /* WEEKSUITestsLaunchTests.swift */; };
/* End PBXBuildFile section */

/* Begin PBXContainerItemProxy section */
		AC88A5FD2C25CCD700BBF5BC /* PBXContainerItemProxy */ = {
			isa = PBXContainerItemProxy;
			containerPortal = AC88A5E32C25CCD500BBF5BC /* Project object */;
			proxyType = 1;
			remoteGlobalIDString = AC88A5EA2C25CCD500BBF5BC;
			remoteInfo = WEEKS;
		};
		AC88A6072C25CCD700BBF5BC /* PBXContainerItemProxy */ = {
			isa = PBXContainerItemProxy;
			containerPortal = AC88A5E32C25CCD500BBF5BC /* Project object */;
			proxyType = 1;
			remoteGlobalIDString = AC88A5EA2C25CCD500BBF5BC;
			remoteInfo = WEEKS;
		};
/* End PBXContainerItemProxy section */

/* Begin PBXFileReference section */
		AC88A5EB2C25CCD500BBF5BC /* WEEKS.app */ = {isa = PBXFileReference; explicitFileType = wrapper.application; includeInIndex = 0; path = WEEKS.app; sourceTree = BUILT_PRODUCTS_DIR; };
		AC88A5EE2C25CCD500BBF5BC /* WEEKSApp.swift */ = {isa = PBXFileReference; lastKnownFileType = sourcecode.swift; path = WEEKSApp.swift; sourceTree = "<group>"; };
		AC88A5F02C25CCD500BBF5BC /* ContentView.swift */ = {isa = PBXFileReference; lastKnownFileType = sourcecode.swift; path = ContentView.swift; sourceTree = "<group>"; };
		AC88A5F22C25CCD700BBF5BC /* Assets.xcassets */ = {isa = PBXFileReference; lastKnownFileType = folder.assetcatalog; path = Assets.xcassets; sourceTree = "<group>"; };
		AC88A5F42C25CCD700BBF5BC /* WEEKS.entitlements */ = {isa = PBXFileReference; lastKnownFileType = text.plist.entitlements; path = WEEKS.entitlements; sourceTree = "<group>"; };
		AC88A5F62C25CCD700BBF5BC /* Preview Assets.xcassets */ = {isa = PBXFileReference; lastKnownFileType = folder.assetcatalog; path = "Preview Assets.xcassets"; sourceTree = "<group>"; };
		AC88A5FC2C25CCD700BBF5BC /* WEEKSTests.xctest */ = {isa = PBXFileReference; explicitFileType = wrapper.cfbundle; includeInIndex = 0; path = WEEKSTests.xctest; sourceTree = BUILT_PRODUCTS_DIR; };
		AC88A6002C25CCD700BBF5BC /* WEEKSTests.swift */ = {isa = PBXFileReference; lastKnownFileType = sourcecode.swift; path = WEEKSTests.swift; sourceTree = "<group>"; };
		AC88A6062C25CCD700BBF5BC /* WEEKSUITests.xctest */ = {isa = PBXFileReference; explicitFileType = wrapper.cfbundle; includeInIndex = 0; path = WEEKSUITests.xctest; sourceTree = BUILT_PRODUCTS_DIR; };
		AC88A60A2C25CCD700BBF5BC /* WEEKSUITests.swift */ = {isa = PBXFileReference; lastKnownFileType = sourcecode.swift; path = WEEKSUITests.swift; sourceTree = "<group>"; };
		AC88A60C2C25CCD700BBF5BC /* WEEKSUITestsLaunchTests.swift */ = {isa = PBXFileReference; lastKnownFileType = sourcecode.swift; path = WEEKSUITestsLaunchTests.swift; sourceTree = "<group>"; };
/* End PBXFileReference section */

/* Begin PBXFrameworksBuildPhase section */
		AC88A5E82C25CCD500BBF5BC /* Frameworks */ = {
			isa = PBXFrameworksBuildPhase;
			buildActionMask = 2147483647;
			files = (
			);
			runOnlyForDeploymentPostprocessing = 0;
		};
		AC88A5F92C25CCD700BBF5BC /* Frameworks */ = {
			isa = PBXFrameworksBuildPhase;
			buildActionMask = 2147483647;
			files = (
			);
			runOnlyForDeploymentPostprocessing = 0;
		};
		AC88A6032C25CCD700BBF5BC /* Frameworks */ = {
			isa = PBXFrameworksBuildPhase;
			buildActionMask = 2147483647;
			files = (
			);
			runOnlyForDeploymentPostprocessing = 0;
		};
/* End PBXFrameworksBuildPhase section */

/* Begin PBXGroup section */
		AC88A5E22C25CCD500BBF5BC = {
			isa = PBXGroup;
			children = (
				AC88A5ED2C25CCD500BBF5BC /* WEEKS */,
				AC88A5FF2C25CCD700BBF5BC /* WEEKSTests */,
				AC88A6092C25CCD700BBF5BC /* WEEKSUITests */,
				AC88A5EC2C25CCD500BBF5BC /* Products */,
			);
			sourceTree = "<group>";
		};
		AC88A5EC2C25CCD500BBF5BC /* Products */ = {
			isa = PBXGroup;
			children = (
				AC88A5EB2C25CCD500BBF5BC /* WEEKS.app */,
				AC88A5FC2C25CCD700BBF5BC /* WEEKSTests.xctest */,
				AC88A6062C25CCD700BBF5BC /* WEEKSUITests.xctest */,
			);
			name = Products;
			sourceTree = "<group>";
		};
		AC88A5ED2C25CCD500BBF5BC /* WEEKS */ = {
			isa = PBXGroup;
			children = (
				AC88A5EE2C25CCD500BBF5BC /* WEEKSApp.swift */,
				AC88A5F02C25CCD500BBF5BC /* ContentView.swift */,
				AC88A5F22C25CCD700BBF5BC /* Assets.xcassets */,
				AC88A5F42C25CCD700BBF5BC /* WEEKS.entitlements */,
				AC88A5F52C25CCD700BBF5BC /* Preview Content */,
			);
			path = WEEKS;
			sourceTree = "<group>";
		};
		AC88A5F52C25CCD700BBF5BC /* Preview Content */ = {
			isa = PBXGroup;
			children = (
				AC88A5F62C25CCD700BBF5BC /* Preview Assets.xcassets */,
			);
			path = "Preview Content";
			sourceTree = "<group>";
		};
		AC88A5FF2C25CCD700BBF5BC /* WEEKSTests */ = {
			isa = PBXGroup;
			children = (
				AC88A6002C25CCD700BBF5BC /* WEEKSTests.swift */,
			);
			path = WEEKSTests;
			sourceTree = "<group>";
		};
		AC88A6092C25CCD700BBF5BC /* WEEKSUITests */ = {
			isa = PBXGroup;
			children = (
				AC88A60A2C25CCD700BBF5BC /* WEEKSUITests.swift */,
				AC88A60C2C25CCD700BBF5BC /* WEEKSUITestsLaunchTests.swift */,
			);
			path = WEEKSUITests;
			sourceTree = "<group>";
		};
/* End PBXGroup section */

/* Begin PBXNativeTarget section */
		AC88A5EA2C25CCD500BBF5BC /* WEEKS */ = {
			isa = PBXNativeTarget;
			buildConfigurationList = AC88A6102C25CCD700BBF5BC /* Build configuration list for PBXNativeTarget "WEEKS" */;
			buildPhases = (
				AC88A5E72C25CCD500BBF5BC /* Sources */,
				AC88A5E82C25CCD500BBF5BC /* Frameworks */,
				AC88A5E92C25CCD500BBF5BC /* Resources */,
			);
			buildRules = (
			);
			dependencies = (
			);
			name = WEEKS;
			productName = WEEKS;
			productReference = AC88A5EB2C25CCD500BBF5BC /* WEEKS.app */;
			productType = "com.apple.product-type.application";
		};
		AC88A5FB2C25CCD700BBF5BC /* WEEKSTests */ = {
			isa = PBXNativeTarget;
			buildConfigurationList = AC88A6132C25CCD700BBF5BC /* Build configuration list for PBXNativeTarget "WEEKSTests" */;
			buildPhases = (
				AC88A5F82C25CCD700BBF5BC /* Sources */,
				AC88A5F92C25CCD700BBF5BC /* Frameworks */,
				AC88A5FA2C25CCD700BBF5BC /* Resources */,
			);
			buildRules = (
			);
			dependencies = (
				AC88A5FE2C25CCD700BBF5BC /* PBXTargetDependency */,
			);
			name = WEEKSTests;
			productName = WEEKSTests;
			productReference = AC88A5FC2C25CCD700BBF5BC /* WEEKSTests.xctest */;
			productType = "com.apple.product-type.bundle.unit-test";
		};
		AC88A6052C25CCD700BBF5BC /* WEEKSUITests */ = {
			isa = PBXNativeTarget;
			buildConfigurationList = AC88A6162C25CCD700BBF5BC /* Build configuration list for PBXNativeTarget "WEEKSUITests" */;
			buildPhases = (
				AC88A6022C25CCD700BBF5BC /* Sources */,
				AC88A6032C25CCD700BBF5BC /* Frameworks */,
				AC88A6042C25CCD700BBF5BC /* Resources */,
			);
			buildRules = (
			);
			dependencies = (
				AC88A6082C25CCD700BBF5BC /* PBXTargetDependency */,
			);
			name = WEEKSUITests;
			productName = WEEKSUITests;
			productReference = AC88A6062C25CCD700BBF5BC /* WEEKSUITests.xctest */;
			productType = "com.apple.product-type.bundle.ui-testing";
		};
/* End PBXNativeTarget section */

/* Begin PBXProject section */
		AC88A5E32C25CCD500BBF5BC /* Project object */ = {
			isa = PBXProject;
			attributes = {
				BuildIndependentTargetsInParallel = 1;
				LastSwiftUpdateCheck = 1540;
				LastUpgradeCheck = 1540;
				TargetAttributes = {
					AC88A5EA2C25CCD500BBF5BC = {
						CreatedOnToolsVersion = 15.4;
					};
					AC88A5FB2C25CCD700BBF5BC = {
						CreatedOnToolsVersion = 15.4;
						TestTargetID = AC88A5EA2C25CCD500BBF5BC;
					};
					AC88A6052C25CCD700BBF5BC = {
						CreatedOnToolsVersion = 15.4;
						TestTargetID = AC88A5EA2C25CCD500BBF5BC;
					};
				};
			};
			buildConfigurationList = AC88A5E62C25CCD500BBF5BC /* Build configuration list for PBXProject "WEEKS" */;
			compatibilityVersion = "Xcode 14.0";
			developmentRegion = en;
			hasScannedForEncodings = 0;
			knownRegions = (
				en,
				Base,
			);
			mainGroup = AC88A5E22C25CCD500BBF5BC;
			productRefGroup = AC88A5EC2C25CCD500BBF5BC /* Products */;
			projectDirPath = "";
			projectRoot = "";
			targets = (
				AC88A5EA2C25CCD500BBF5BC /* WEEKS */,
				AC88A5FB2C25CCD700BBF5BC /* WEEKSTests */,
				AC88A6052C25CCD700BBF5BC /* WEEKSUITests */,
			);
		};
/* End PBXProject section */

/* Begin PBXResourcesBuildPhase section */
		AC88A5E92C25CCD500BBF5BC /* Resources */ = {
			isa = PBXResourcesBuildPhase;
			buildActionMask = 2147483647;
			files = (
				AC88A5F72C25CCD700BBF5BC /* Preview Assets.xcassets in Resources */,
				AC88A5F32C25CCD700BBF5BC /* Assets.xcassets in Resources */,
			);
			runOnlyForDeploymentPostprocessing = 0;
		};
		AC88A5FA2C25CCD700BBF5BC /* Resources */ = {
			isa = PBXResourcesBuildPhase;
			buildActionMask = 2147483647;
			files = (
			);
			runOnlyForDeploymentPostprocessing = 0;
		};
		AC88A6042C25CCD700BBF5BC /* Resources */ = {
			isa = PBXResourcesBuildPhase;
			buildActionMask = 2147483647;
			files = (
			);
			runOnlyForDeploymentPostprocessing = 0;
		};
/* End PBXResourcesBuildPhase section */

/* Begin PBXSourcesBuildPhase section */
		AC88A5E72C25CCD500BBF5BC /* Sources */ = {
			isa = PBXSourcesBuildPhase;
			buildActionMask = 2147483647;
			files = (
				AC88A5F12C25CCD500BBF5BC /* ContentView.swift in Sources */,
				AC88A5EF2C25CCD500BBF5BC /* WEEKSApp.swift in Sources */,
			);
			runOnlyForDeploymentPostprocessing = 0;
		};
		AC88A5F82C25CCD700BBF5BC /* Sources */ = {
			isa = PBXSourcesBuildPhase;
			buildActionMask = 2147483647;
			files = (
				AC88A6012C25CCD700BBF5BC /* WEEKSTests.swift in Sources */,
			);
			runOnlyForDeploymentPostprocessing = 0;
		};
		AC88A6022C25CCD700BBF5BC /* Sources */ = {
			isa = PBXSourcesBuildPhase;
			buildActionMask = 2147483647;
			files = (
				AC88A60D2C25CCD700BBF5BC /* WEEKSUITestsLaunchTests.swift in Sources */,
				AC88A60B2C25CCD700BBF5BC /* WEEKSUITests.swift in Sources */,
			);
			runOnlyForDeploymentPostprocessing = 0;
		};
/* End PBXSourcesBuildPhase section */

/* Begin PBXTargetDependency section */
		AC88A5FE2C25CCD700BBF5BC /* PBXTargetDependency */ = {
			isa = PBXTargetDependency;
			target = AC88A5EA2C25CCD500BBF5BC /* WEEKS */;
			targetProxy = AC88A5FD2C25CCD700BBF5BC /* PBXContainerItemProxy */;
		};
		AC88A6082C25CCD700BBF5BC /* PBXTargetDependency */ = {
			isa = PBXTargetDependency;
			target = AC88A5EA2C25CCD500BBF5BC /* WEEKS */;
			targetProxy = AC88A6072C25CCD700BBF5BC /* PBXContainerItemProxy */;
		};
/* End PBXTargetDependency section */

/* Begin XCBuildConfiguration section */
		AC88A60E2C25CCD700BBF5BC /* Debug */ = {
			isa = XCBuildConfiguration;
			buildSettings = {
				ALWAYS_SEARCH_USER_PATHS = NO;
				ASSETCATALOG_COMPILER_GENERATE_SWIFT_ASSET_SYMBOL_EXTENSIONS = YES;
				CLANG_ANALYZER_NONNULL = YES;
				CLANG_ANALYZER_NUMBER_OBJECT_CONVERSION = YES_AGGRESSIVE;
				CLANG_CXX_LANGUAGE_STANDARD = "gnu++20";
				CLANG_ENABLE_MODULES = YES;
				CLANG_ENABLE_OBJC_ARC = YES;
				CLANG_ENABLE_OBJC_WEAK = YES;
				CLANG_WARN_BLOCK_CAPTURE_AUTORELEASING = YES;
				CLANG_WARN_BOOL_CONVERSION = YES;
				CLANG_WARN_COMMA = YES;
				CLANG_WARN_CONSTANT_CONVERSION = YES;
				CLANG_WARN_DEPRECATED_OBJC_IMPLEMENTATIONS = YES;
				CLANG_WARN_DIRECT_OBJC_ISA_USAGE = YES_ERROR;
				CLANG_WARN_DOCUMENTATION_COMMENTS = YES;
				CLANG_WARN_EMPTY_BODY = YES;
				CLANG_WARN_ENUM_CONVERSION = YES;
				CLANG_WARN_INFINITE_RECURSION = YES;
				CLANG_WARN_INT_CONVERSION = YES;
				CLANG_WARN_NON_LITERAL_NULL_CONVERSION = YES;
				CLANG_WARN_OBJC_IMPLICIT_RETAIN_SELF = YES;
				CLANG_WARN_OBJC_LITERAL_CONVERSION = YES;
				CLANG_WARN_OBJC_ROOT_CLASS = YES_ERROR;
				CLANG_WARN_QUOTED_INCLUDE_IN_FRAMEWORK_HEADER = YES;
				CLANG_WARN_RANGE_LOOP_ANALYSIS = YES;
				CLANG_WARN_STRICT_PROTOTYPES = YES;
				CLANG_WARN_SUSPICIOUS_MOVE = YES;
				CLANG_WARN_UNGUARDED_AVAILABILITY = YES_AGGRESSIVE;
				CLANG_WARN_UNREACHABLE_CODE = YES;
				CLANG_WARN__DUPLICATE_METHOD_MATCH = YES;
				COPY_PHASE_STRIP = NO;
				DEBUG_INFORMATION_FORMAT = dwarf;
				ENABLE_STRICT_OBJC_MSGSEND = YES;
				ENABLE_TESTABILITY = YES;
				ENABLE_USER_SCRIPT_SANDBOXING = YES;
				GCC_C_LANGUAGE_STANDARD = gnu17;
				GCC_DYNAMIC_NO_PIC = NO;
				GCC_NO_COMMON_BLOCKS = YES;
				GCC_OPTIMIZATION_LEVEL = 0;
				GCC_PREPROCESSOR_DEFINITIONS = (
					"DEBUG=1",
					"$(inherited)",
				);
				GCC_WARN_64_TO_32_BIT_CONVERSION = YES;
				GCC_WARN_ABOUT_RETURN_TYPE = YES_ERROR;
				GCC_WARN_UNDECLARED_SELECTOR = YES;
				GCC_WARN_UNINITIALIZED_AUTOS = YES_AGGRESSIVE;
				GCC_WARN_UNUSED_FUNCTION = YES;
				GCC_WARN_UNUSED_VARIABLE = YES;
				LOCALIZATION_PREFERS_STRING_CATALOGS = YES;
				MTL_ENABLE_DEBUG_INFO = INCLUDE_SOURCE;
				MTL_FAST_MATH = YES;
				ONLY_ACTIVE_ARCH = YES;
				SWIFT_ACTIVE_COMPILATION_CONDITIONS = "DEBUG $(inherited)";
				SWIFT_OPTIMIZATION_LEVEL = "-Onone";
			};
			name = Debug;
		};
		AC88A60F2C25CCD700BBF5BC /* Release */ = {
			isa = XCBuildConfiguration;
			buildSettings = {
				ALWAYS_SEARCH_USER_PATHS = NO;
				ASSETCATALOG_COMPILER_GENERATE_SWIFT_ASSET_SYMBOL_EXTENSIONS = YES;
				CLANG_ANALYZER_NONNULL = YES;
				CLANG_ANALYZER_NUMBER_OBJECT_CONVERSION = YES_AGGRESSIVE;
				CLANG_CXX_LANGUAGE_STANDARD = "gnu++20";
				CLANG_ENABLE_MODULES = YES;
				CLANG_ENABLE_OBJC_ARC = YES;
				CLANG_ENABLE_OBJC_WEAK = YES;
				CLANG_WARN_BLOCK_CAPTURE_AUTORELEASING = YES;
				CLANG_WARN_BOOL_CONVERSION = YES;
				CLANG_WARN_COMMA = YES;
				CLANG_WARN_CONSTANT_CONVERSION = YES;
				CLANG_WARN_DEPRECATED_OBJC_IMPLEMENTATIONS = YES;
				CLANG_WARN_DIRECT_OBJC_ISA_USAGE = YES_ERROR;
				CLANG_WARN_DOCUMENTATION_COMMENTS = YES;
				CLANG_WARN_EMPTY_BODY = YES;
				CLANG_WARN_ENUM_CONVERSION = YES;
				CLANG_WARN_INFINITE_RECURSION = YES;
				CLANG_WARN_INT_CONVERSION = YES;
				CLANG_WARN_NON_LITERAL_NULL_CONVERSION = YES;
				CLANG_WARN_OBJC_IMPLICIT_RETAIN_SELF = YES;
				CLANG_WARN_OBJC_LITERAL_CONVERSION = YES;
				CLANG_WARN_OBJC_ROOT_CLASS = YES_ERROR;
				CLANG_WARN_QUOTED_INCLUDE_IN_FRAMEWORK_HEADER = YES;
				CLANG_WARN_RANGE_LOOP_ANALYSIS = YES;
				CLANG_WARN_STRICT_PROTOTYPES = YES;
				CLANG_WARN_SUSPICIOUS_MOVE = YES;
				CLANG_WARN_UNGUARDED_AVAILABILITY = YES_AGGRESSIVE;
				CLANG_WARN_UNREACHABLE_CODE = YES;
				CLANG_WARN__DUPLICATE_METHOD_MATCH = YES;
				COPY_PHASE_STRIP = NO;
				DEBUG_INFORMATION_FORMAT = "dwarf-with-dsym";
				ENABLE_NS_ASSERTIONS = NO;
				ENABLE_STRICT_OBJC_MSGSEND = YES;
				ENABLE_USER_SCRIPT_SANDBOXING = YES;
				GCC_C_LANGUAGE_STANDARD = gnu17;
				GCC_NO_COMMON_BLOCKS = YES;
				GCC_WARN_64_TO_32_BIT_CONVERSION = YES;
				GCC_WARN_ABOUT_RETURN_TYPE = YES_ERROR;
				GCC_WARN_UNDECLARED_SELECTOR = YES;
				GCC_WARN_UNINITIALIZED_AUTOS = YES_AGGRESSIVE;
				GCC_WARN_UNUSED_FUNCTION = YES;
				GCC_WARN_UNUSED_VARIABLE = YES;
				LOCALIZATION_PREFERS_STRING_CATALOGS = YES;
				MTL_ENABLE_DEBUG_INFO = NO;
				MTL_FAST_MATH = YES;
				SWIFT_COMPILATION_MODE = wholemodule;
			};
			name = Release;
		};
		AC88A6112C25CCD700BBF5BC /* Debug */ = {
			isa = XCBuildConfiguration;
			buildSettings = {
				ASSETCATALOG_COMPILER_APPICON_NAME = AppIcon;
				ASSETCATALOG_COMPILER_GLOBAL_ACCENT_COLOR_NAME = AccentColor;
				CODE_SIGN_ENTITLEMENTS = WEEKS/WEEKS.entitlements;
				CODE_SIGN_STYLE = Automatic;
				CURRENT_PROJECT_VERSION = 1;
				DEVELOPMENT_ASSET_PATHS = "\"WEEKS/Preview Content\"";
				DEVELOPMENT_TEAM = FQX5F972LR;
				ENABLE_HARDENED_RUNTIME = YES;
				ENABLE_PREVIEWS = YES;
				GENERATE_INFOPLIST_FILE = YES;
				"INFOPLIST_KEY_UIApplicationSceneManifest_Generation[sdk=iphoneos*]" = YES;
				"INFOPLIST_KEY_UIApplicationSceneManifest_Generation[sdk=iphonesimulator*]" = YES;
				"INFOPLIST_KEY_UIApplicationSupportsIndirectInputEvents[sdk=iphoneos*]" = YES;
				"INFOPLIST_KEY_UIApplicationSupportsIndirectInputEvents[sdk=iphonesimulator*]" = YES;
				"INFOPLIST_KEY_UILaunchScreen_Generation[sdk=iphoneos*]" = YES;
				"INFOPLIST_KEY_UILaunchScreen_Generation[sdk=iphonesimulator*]" = YES;
				"INFOPLIST_KEY_UIStatusBarStyle[sdk=iphoneos*]" = UIStatusBarStyleDefault;
				"INFOPLIST_KEY_UIStatusBarStyle[sdk=iphonesimulator*]" = UIStatusBarStyleDefault;
				INFOPLIST_KEY_UISupportedInterfaceOrientations_iPad = "UIInterfaceOrientationPortrait UIInterfaceOrientationPortraitUpsideDown UIInterfaceOrientationLandscapeLeft UIInterfaceOrientationLandscapeRight";
				INFOPLIST_KEY_UISupportedInterfaceOrientations_iPhone = "UIInterfaceOrientationPortrait UIInterfaceOrientationLandscapeLeft UIInterfaceOrientationLandscapeRight";
				IPHONEOS_DEPLOYMENT_TARGET = 17.5;
				LD_RUNPATH_SEARCH_PATHS = "@executable_path/Frameworks";
				"LD_RUNPATH_SEARCH_PATHS[sdk=macosx*]" = "@executable_path/../Frameworks";
				MACOSX_DEPLOYMENT_TARGET = 14.5;
				MARKETING_VERSION = 1.0;
				PRODUCT_BUNDLE_IDENTIFIER = theweekproject.WEEKS;
				PRODUCT_NAME = "$(TARGET_NAME)";
				SDKROOT = auto;
				SUPPORTED_PLATFORMS = "iphoneos iphonesimulator macosx";
				SWIFT_EMIT_LOC_STRINGS = YES;
				SWIFT_VERSION = 5.0;
				TARGETED_DEVICE_FAMILY = "1,2";
			};
			name = Debug;
		};
		AC88A6122C25CCD700BBF5BC /* Release */ = {
			isa = XCBuildConfiguration;
			buildSettings = {
				ASSETCATALOG_COMPILER_APPICON_NAME = AppIcon;
				ASSETCATALOG_COMPILER_GLOBAL_ACCENT_COLOR_NAME = AccentColor;
				CODE_SIGN_ENTITLEMENTS = WEEKS/WEEKS.entitlements;
				CODE_SIGN_STYLE = Automatic;
				CURRENT_PROJECT_VERSION = 1;
				DEVELOPMENT_ASSET_PATHS = "\"WEEKS/Preview Content\"";
				DEVELOPMENT_TEAM = FQX5F972LR;
				ENABLE_HARDENED_RUNTIME = YES;
				ENABLE_PREVIEWS = YES;
				GENERATE_INFOPLIST_FILE = YES;
				"INFOPLIST_KEY_UIApplicationSceneManifest_Generation[sdk=iphoneos*]" = YES;
				"INFOPLIST_KEY_UIApplicationSceneManifest_Generation[sdk=iphonesimulator*]" = YES;
				"INFOPLIST_KEY_UIApplicationSupportsIndirectInputEvents[sdk=iphoneos*]" = YES;
				"INFOPLIST_KEY_UIApplicationSupportsIndirectInputEvents[sdk=iphonesimulator*]" = YES;
				"INFOPLIST_KEY_UILaunchScreen_Generation[sdk=iphoneos*]" = YES;
				"INFOPLIST_KEY_UILaunchScreen_Generation[sdk=iphonesimulator*]" = YES;
				"INFOPLIST_KEY_UIStatusBarStyle[sdk=iphoneos*]" = UIStatusBarStyleDefault;
				"INFOPLIST_KEY_UIStatusBarStyle[sdk=iphonesimulator*]" = UIStatusBarStyleDefault;
				INFOPLIST_KEY_UISupportedInterfaceOrientations_iPad = "UIInterfaceOrientationPortrait UIInterfaceOrientationPortraitUpsideDown UIInterfaceOrientationLandscapeLeft UIInterfaceOrientationLandscapeRight";
				INFOPLIST_KEY_UISupportedInterfaceOrientations_iPhone = "UIInterfaceOrientationPortrait UIInterfaceOrientationLandscapeLeft UIInterfaceOrientationLandscapeRight";
				IPHONEOS_DEPLOYMENT_TARGET = 17.5;
				LD_RUNPATH_SEARCH_PATHS = "@executable_path/Frameworks";
				"LD_RUNPATH_SEARCH_PATHS[sdk=macosx*]" = "@executable_path/../Frameworks";
				MACOSX_DEPLOYMENT_TARGET = 14.5;
				MARKETING_VERSION = 1.0;
				PRODUCT_BUNDLE_IDENTIFIER = theweekproject.WEEKS;
				PRODUCT_NAME = "$(TARGET_NAME)";
				SDKROOT = auto;
				SUPPORTED_PLATFORMS = "iphoneos iphonesimulator macosx";
				SWIFT_EMIT_LOC_STRINGS = YES;
				SWIFT_VERSION = 5.0;
				TARGETED_DEVICE_FAMILY = "1,2";
			};
			name = Release;
		};
		AC88A6142C25CCD700BBF5BC /* Debug */ = {
			isa = XCBuildConfiguration;
			buildSettings = {
				ALWAYS_EMBED_SWIFT_STANDARD_LIBRARIES = YES;
				BUNDLE_LOADER = "$(TEST_HOST)";
				CODE_SIGN_STYLE = Automatic;
				CURRENT_PROJECT_VERSION = 1;
				DEVELOPMENT_TEAM = FQX5F972LR;
				GENERATE_INFOPLIST_FILE = YES;
				IPHONEOS_DEPLOYMENT_TARGET = 17.5;
				MACOSX_DEPLOYMENT_TARGET = 14.5;
				MARKETING_VERSION = 1.0;
				PRODUCT_BUNDLE_IDENTIFIER = theweekproject.WEEKSTests;
				PRODUCT_NAME = "$(TARGET_NAME)";
				SDKROOT = auto;
				SUPPORTED_PLATFORMS = "iphoneos iphonesimulator macosx";
				SWIFT_EMIT_LOC_STRINGS = NO;
				SWIFT_VERSION = 5.0;
				TARGETED_DEVICE_FAMILY = "1,2";
				TEST_HOST = "$(BUILT_PRODUCTS_DIR)/WEEKS.app/$(BUNDLE_EXECUTABLE_FOLDER_PATH)/WEEKS";
			};
			name = Debug;
		};
		AC88A6152C25CCD700BBF5BC /* Release */ = {
			isa = XCBuildConfiguration;
			buildSettings = {
				ALWAYS_EMBED_SWIFT_STANDARD_LIBRARIES = YES;
				BUNDLE_LOADER = "$(TEST_HOST)";
				CODE_SIGN_STYLE = Automatic;
				CURRENT_PROJECT_VERSION = 1;
				DEVELOPMENT_TEAM = FQX5F972LR;
				GENERATE_INFOPLIST_FILE = YES;
				IPHONEOS_DEPLOYMENT_TARGET = 17.5;
				MACOSX_DEPLOYMENT_TARGET = 14.5;
				MARKETING_VERSION = 1.0;
				PRODUCT_BUNDLE_IDENTIFIER = theweekproject.WEEKSTests;
				PRODUCT_NAME = "$(TARGET_NAME)";
				SDKROOT = auto;
				SUPPORTED_PLATFORMS = "iphoneos iphonesimulator macosx";
				SWIFT_EMIT_LOC_STRINGS = NO;
				SWIFT_VERSION = 5.0;
				TARGETED_DEVICE_FAMILY = "1,2";
				TEST_HOST = "$(BUILT_PRODUCTS_DIR)/WEEKS.app/$(BUNDLE_EXECUTABLE_FOLDER_PATH)/WEEKS";
			};
			name = Release;
		};
		AC88A6172C25CCD700BBF5BC /* Debug */ = {
			isa = XCBuildConfiguration;
			buildSettings = {
				ALWAYS_EMBED_SWIFT_STANDARD_LIBRARIES = YES;
				CODE_SIGN_STYLE = Automatic;
				CURRENT_PROJECT_VERSION = 1;
				DEVELOPMENT_TEAM = FQX5F972LR;
				GENERATE_INFOPLIST_FILE = YES;
				IPHONEOS_DEPLOYMENT_TARGET = 17.5;
				MACOSX_DEPLOYMENT_TARGET = 14.5;
				MARKETING_VERSION = 1.0;
				PRODUCT_BUNDLE_IDENTIFIER = theweekproject.WEEKSUITests;
				PRODUCT_NAME = "$(TARGET_NAME)";
				SDKROOT = auto;
				SUPPORTED_PLATFORMS = "iphoneos iphonesimulator macosx";
				SWIFT_EMIT_LOC_STRINGS = NO;
				SWIFT_VERSION = 5.0;
				TARGETED_DEVICE_FAMILY = "1,2";
				TEST_TARGET_NAME = WEEKS;
			};
			name = Debug;
		};
		AC88A6182C25CCD700BBF5BC /* Release */ = {
			isa = XCBuildConfiguration;
			buildSettings = {
				ALWAYS_EMBED_SWIFT_STANDARD_LIBRARIES = YES;
				CODE_SIGN_STYLE = Automatic;
				CURRENT_PROJECT_VERSION = 1;
				DEVELOPMENT_TEAM = FQX5F972LR;
				GENERATE_INFOPLIST_FILE = YES;
				IPHONEOS_DEPLOYMENT_TARGET = 17.5;
				MACOSX_DEPLOYMENT_TARGET = 14.5;
				MARKETING_VERSION = 1.0;
				PRODUCT_BUNDLE_IDENTIFIER = theweekproject.WEEKSUITests;
				PRODUCT_NAME = "$(TARGET_NAME)";
				SDKROOT = auto;
				SUPPORTED_PLATFORMS = "iphoneos iphonesimulator macosx";
				SWIFT_EMIT_LOC_STRINGS = NO;
				SWIFT_VERSION = 5.0;
				TARGETED_DEVICE_FAMILY = "1,2";
				TEST_TARGET_NAME = WEEKS;
			};
			name = Release;
		};
/* End XCBuildConfiguration section */

/* Begin XCConfigurationList section */
		AC88A5E62C25CCD500BBF5BC /* Build configuration list for PBXProject "WEEKS" */ = {
			isa = XCConfigurationList;
			buildConfigurations = (
				AC88A60E2C25CCD700BBF5BC /* Debug */,
				AC88A60F2C25CCD700BBF5BC /* Release */,
			);
			defaultConfigurationIsVisible = 0;
			defaultConfigurationName = Release;
		};
		AC88A6102C25CCD700BBF5BC /* Build configuration list for PBXNativeTarget "WEEKS" */ = {
			isa = XCConfigurationList;
			buildConfigurations = (
				AC88A6112C25CCD700BBF5BC /* Debug */,
				AC88A6122C25CCD700BBF5BC /* Release */,
			);
			defaultConfigurationIsVisible = 0;
			defaultConfigurationName = Release;
		};
		AC88A6132C25CCD700BBF5BC /* Build configuration list for PBXNativeTarget "WEEKSTests" */ = {
			isa = XCConfigurationList;
			buildConfigurations = (
				AC88A6142C25CCD700BBF5BC /* Debug */,
				AC88A6152C25CCD700BBF5BC /* Release */,
			);
			defaultConfigurationIsVisible = 0;
			defaultConfigurationName = Release;
		};
		AC88A6162C25CCD700BBF5BC /* Build configuration list for PBXNativeTarget "WEEKSUITests" */ = {
			isa = XCConfigurationList;
			buildConfigurations = (
				AC88A6172C25CCD700BBF5BC /* Debug */,
				AC88A6182C25CCD700BBF5BC /* Release */,
			);
			defaultConfigurationIsVisible = 0;
			defaultConfigurationName = Release;
		};
/* End XCConfigurationList section */
	};
	rootObject = AC88A5E32C25CCD500BBF5BC /* Project object */;
}
